
Microsoft Visual Studio Solution File, Format Version 12.00
# Visual Studio 15
VisualStudioVersion = 15.0.27703.2026
MinimumVisualStudioVersion = 10.0.40219.1
Project("{FAE04EC0-301F-11D3-BF4B-00C04F79EFBC}") = "tccGoodEyes", "tcmOtica\tccGoodEyes.csproj", "{A5087C08-F5A0-4E71-93FC-0453B94E5505}"
EndProject
Global
	GlobalSection(SolutionConfigurationPlatforms) = preSolution
		Debug|Any CPU = Debug|Any CPU
		Release|Any CPU = Release|Any CPU
	EndGlobalSection
	GlobalSection(ProjectConfigurationPlatforms) = postSolution
		{A5087C08-F5A0-4E71-93FC-0453B94E5505}.Debug|Any CPU.ActiveCfg = Debug|Any CPU
		{A5087C08-F5A0-4E71-93FC-0453B94E5505}.Debug|Any CPU.Build.0 = Debug|Any CPU
		{A5087C08-F5A0-4E71-93FC-0453B94E5505}.Release|Any CPU.ActiveCfg = Release|Any CPU
		{A5087C08-F5A0-4E71-93FC-0453B94E5505}.Release|Any CPU.Build.0 = Release|Any CPU
	EndGlobalSection
	GlobalSection(SolutionProperties) = preSolution
		HideSolutionNode = FALSE
	EndGlobalSection
	GlobalSection(ExtensibilityGlobals) = postSolution
		SolutionGuid = {13DBB8A4-0097-499B-A846-30BE4D88DB49}
	EndGlobalSection
EndGlobal
